
Microsoft Visual Studio Solution File, Format Version 12.00
# Visual Studio Version 16
VisualStudioVersion = 16.0.30413.136
MinimumVisualStudioVersion = 10.0.40219.1
Project("{FAE04EC0-301F-11D3-BF4B-00C04F79EFBC}") = "BCS6thEVFall2020DemoProject", "BCS6thEVFall2020DemoProject.csproj", "{B1DFA0A3-4633-4346-BC82-AD01AFE36979}"
EndProject
Global
	GlobalSection(SolutionConfigurationPlatforms) = preSolution
		Debug|Any CPU = Debug|Any CPU
		Release|Any CPU = Release|Any CPU
	EndGlobalSection
	GlobalSection(ProjectConfigurationPlatforms) = postSolution
		{B1DFA0A3-4633-4346-BC82-AD01AFE36979}.Debug|Any CPU.ActiveCfg = Debug|Any CPU
		{B1DFA0A3-4633-4346-BC82-AD01AFE36979}.Debug|Any CPU.Build.0 = Debug|Any CPU
		{B1DFA0A3-4633-4346-BC82-AD01AFE36979}.Release|Any CPU.ActiveCfg = Release|Any CPU
		{B1DFA0A3-4633-4346-BC82-AD01AFE36979}.Release|Any CPU.Build.0 = Release|Any CPU
	EndGlobalSection
	GlobalSection(SolutionProperties) = preSolution
		HideSolutionNode = FALSE
	EndGlobalSection
	GlobalSection(ExtensibilityGlobals) = postSolution
		SolutionGuid = {30E03F94-1507-4618-BD91-706A00076FB8}
	EndGlobalSection
EndGlobal
